
Microsoft Visual Studio Solution File, Format Version 12.00
# Visual Studio Version 17
VisualStudioVersion = 17.8.34316.72
MinimumVisualStudioVersion = 10.0.40219.1
Project("{FAE04EC0-301F-11D3-BF4B-00C04F79EFBC}") = "Calculator", "Calculator\Calculator.csproj", "{1BB960CC-A6D0-4986-8625-E141E635B9E6}"
EndProject
Global
	GlobalSection(SolutionConfigurationPlatforms) = preSolution
		Debug|Any CPU = Debug|Any CPU
		Release|Any CPU = Release|Any CPU
	EndGlobalSection
	GlobalSection(ProjectConfigurationPlatforms) = postSolution
		{1BB960CC-A6D0-4986-8625-E141E635B9E6}.Debug|Any CPU.ActiveCfg = Debug|Any CPU
		{1BB960CC-A6D0-4986-8625-E141E635B9E6}.Debug|Any CPU.Build.0 = Debug|Any CPU
		{1BB960CC-A6D0-4986-8625-E141E635B9E6}.Release|Any CPU.ActiveCfg = Release|Any CPU
		{1BB960CC-A6D0-4986-8625-E141E635B9E6}.Release|Any CPU.Build.0 = Release|Any CPU
	EndGlobalSection
	GlobalSection(SolutionProperties) = preSolution
		HideSolutionNode = FALSE
	EndGlobalSection
	GlobalSection(ExtensibilityGlobals) = postSolution
		SolutionGuid = {B85BCEE6-9AE1-4904-A478-9F3B6E99A4CA}
	EndGlobalSection
EndGlobal
